
Microsoft Visual Studio Solution File, Format Version 12.00
# Visual Studio Version 17
VisualStudioVersion = 17.1.32228.430
MinimumVisualStudioVersion = 10.0.40219.1
Project("{FAE04EC0-301F-11D3-BF4B-00C04F79EFBC}") = "IBMGRX_Terminal", "IBMGRX_Terminal.csproj", "{7F8EA11B-57FF-4EC5-A758-FC801660CDA3}"
EndProject
Global
	GlobalSection(SolutionConfigurationPlatforms) = preSolution
		Debug|Any CPU = Debug|Any CPU
		Release|Any CPU = Release|Any CPU
	EndGlobalSection
	GlobalSection(ProjectConfigurationPlatforms) = postSolution
		{7F8EA11B-57FF-4EC5-A758-FC801660CDA3}.Debug|Any CPU.ActiveCfg = Debug|Any CPU
		{7F8EA11B-57FF-4EC5-A758-FC801660CDA3}.Debug|Any CPU.Build.0 = Debug|Any CPU
		{7F8EA11B-57FF-4EC5-A758-FC801660CDA3}.Release|Any CPU.ActiveCfg = Release|Any CPU
		{7F8EA11B-57FF-4EC5-A758-FC801660CDA3}.Release|Any CPU.Build.0 = Release|Any CPU
	EndGlobalSection
	GlobalSection(SolutionProperties) = preSolution
		HideSolutionNode = FALSE
	EndGlobalSection
	GlobalSection(ExtensibilityGlobals) = postSolution
		SolutionGuid = {44E39E41-CEF0-4A2C-9612-2764DBBE3817}
	EndGlobalSection
EndGlobal
